// !$*UTF8*$!
{
	archiveVersion = 1;
	classes = {
	};
	objectVersion = 50;
	objects = {

/* Begin PBXBuildFile section */
		CD04D1EB2302108400E9EEBB /* AppDelegate.swift in Sources */ = {isa = PBXBuildFile; fileRef = CD04D1EA2302108400E9EEBB /* AppDelegate.swift */; };
		CD04D1ED2302108400E9EEBB /* ViewController.swift in Sources */ = {isa = PBXBuildFile; fileRef = CD04D1EC2302108400E9EEBB /* ViewController.swift */; };
		CD04D1F02302108400E9EEBB /* Main.storyboard in Resources */ = {isa = PBXBuildFile; fileRef = CD04D1EE2302108400E9EEBB /* Main.storyboard */; };
		CD04D1F22302108800E9EEBB /* Assets.xcassets in Resources */ = {isa = PBXBuildFile; fileRef = CD04D1F12302108800E9EEBB /* Assets.xcassets */; };
		CD04D1F52302108800E9EEBB /* LaunchScreen.storyboard in Resources */ = {isa = PBXBuildFile; fileRef = CD04D1F32302108800E9EEBB /* LaunchScreen.storyboard */; };
		CD04D1FD23021ABC00E9EEBB /* Movie.swift in Sources */ = {isa = PBXBuildFile; fileRef = CD04D1FC23021ABC00E9EEBB /* Movie.swift */; };
/* End PBXBuildFile section */

/* Begin PBXFileReference section */
		CD04D1E72302108400E9EEBB /* MultipleMVCLessonRepo.app */ = {isa = PBXFileReference; explicitFileType = wrapper.application; includeInIndex = 0; path = MultipleMVCLessonRepo.app; sourceTree = BUILT_PRODUCTS_DIR; };
		CD04D1EA2302108400E9EEBB /* AppDelegate.swift */ = {isa = PBXFileReference; lastKnownFileType = sourcecode.swift; path = AppDelegate.swift; sourceTree = "<group>"; };
		CD04D1EC2302108400E9EEBB /* ViewController.swift */ = {isa = PBXFileReference; lastKnownFileType = sourcecode.swift; path = ViewController.swift; sourceTree = "<group>"; };
		CD04D1EF2302108400E9EEBB /* Base */ = {isa = PBXFileReference; lastKnownFileType = file.storyboard; name = Base; path = Base.lproj/Main.storyboard; sourceTree = "<group>"; };
		CD04D1F12302108800E9EEBB /* Assets.xcassets */ = {isa = PBXFileReference; lastKnownFileType = folder.assetcatalog; path = Assets.xcassets; sourceTree = "<group>"; };
		CD04D1F42302108800E9EEBB /* Base */ = {isa = PBXFileReference; lastKnownFileType = file.storyboard; name = Base; path = Base.lproj/LaunchScreen.storyboard; sourceTree = "<group>"; };
		CD04D1F62302108800E9EEBB /* Info.plist */ = {isa = PBXFileReference; lastKnownFileType = text.plist.xml; path = Info.plist; sourceTree = "<group>"; };
		CD04D1FC23021ABC00E9EEBB /* Movie.swift */ = {isa = PBXFileReference; lastKnownFileType = sourcecode.swift; path = Movie.swift; sourceTree = "<group>"; };
/* End PBXFileReference section */

/* Begin PBXFrameworksBuildPhase section */
		CD04D1E42302108400E9EEBB /* Frameworks */ = {
			isa = PBXFrameworksBuildPhase;
			buildActionMask = 2147483647;
			files = (
			);
			runOnlyForDeploymentPostprocessing = 0;
		};
/* End PBXFrameworksBuildPhase section */

/* Begin PBXGroup section */
		CD04D1DE2302108400E9EEBB = {
			isa = PBXGroup;
			children = (
				CD04D1E92302108400E9EEBB /* MultipleMVCLessonRepo */,
				CD04D1E82302108400E9EEBB /* Products */,
			);
			sourceTree = "<group>";
		};
		CD04D1E82302108400E9EEBB /* Products */ = {
			isa = PBXGroup;
			children = (
				CD04D1E72302108400E9EEBB /* MultipleMVCLessonRepo.app */,
			);
			name = Products;
			sourceTree = "<group>";
		};
		CD04D1E92302108400E9EEBB /* MultipleMVCLessonRepo */ = {
			isa = PBXGroup;
			children = (
				CD04D1EA2302108400E9EEBB /* AppDelegate.swift */,
				CD04D1EC2302108400E9EEBB /* ViewController.swift */,
				CD04D1EE2302108400E9EEBB /* Main.storyboard */,
				CD04D1FC23021ABC00E9EEBB /* Movie.swift */,
				CD04D1F12302108800E9EEBB /* Assets.xcassets */,
				CD04D1F32302108800E9EEBB /* LaunchScreen.storyboard */,
				CD04D1F62302108800E9EEBB /* Info.plist */,
			);
			path = MultipleMVCLessonRepo;
			sourceTree = "<group>";
		};
/* End PBXGroup section */

/* Begin PBXNativeTarget section */
		CD04D1E62302108400E9EEBB /* MultipleMVCLessonRepo */ = {
			isa = PBXNativeTarget;
			buildConfigurationList = CD04D1F92302108800E9EEBB /* Build configuration list for PBXNativeTarget "MultipleMVCLessonRepo" */;
			buildPhases = (
				CD04D1E32302108400E9EEBB /* Sources */,
				CD04D1E42302108400E9EEBB /* Frameworks */,
				CD04D1E52302108400E9EEBB /* Resources */,
			);
			buildRules = (
			);
			dependencies = (
			);
			name = MultipleMVCLessonRepo;
			productName = MultipleMVCLessonRepo;
			productReference = CD04D1E72302108400E9EEBB /* MultipleMVCLessonRepo.app */;
			productType = "com.apple.product-type.application";
		};
/* End PBXNativeTarget section */

/* Begin PBXProject section */
		CD04D1DF2302108400E9EEBB /* Project object */ = {
			isa = PBXProject;
			attributes = {
				LastSwiftUpdateCheck = 1020;
				LastUpgradeCheck = 1020;
				ORGANIZATIONNAME = "Benjamin Stone";
				TargetAttributes = {
					CD04D1E62302108400E9EEBB = {
						CreatedOnToolsVersion = 10.2.1;
					};
				};
			};
			buildConfigurationList = CD04D1E22302108400E9EEBB /* Build configuration list for PBXProject "MultipleMVCLessonRepo" */;
			compatibilityVersion = "Xcode 9.3";
			developmentRegion = en;
			hasScannedForEncodings = 0;
			knownRegions = (
				en,
				Base,
			);
			mainGroup = CD04D1DE2302108400E9EEBB;
			productRefGroup = CD04D1E82302108400E9EEBB /* Products */;
			projectDirPath = "";
			projectRoot = "";
			targets = (
				CD04D1E62302108400E9EEBB /* MultipleMVCLessonRepo */,
			);
		};
/* End PBXProject section */

/* Begin PBXResourcesBuildPhase section */
		CD04D1E52302108400E9EEBB /* Resources */ = {
			isa = PBXResourcesBuildPhase;
			buildActionMask = 2147483647;
			files = (
				CD04D1F52302108800E9EEBB /* LaunchScreen.storyboard in Resources */,
				CD04D1F22302108800E9EEBB /* Assets.xcassets in Resources */,
				CD04D1F02302108400E9EEBB /* Main.storyboard in Resources */,
			);
			runOnlyForDeploymentPostprocessing = 0;
		};
/* End PBXResourcesBuildPhase section */

/* Begin PBXSourcesBuildPhase section */
		CD04D1E32302108400E9EEBB /* Sources */ = {
			isa = PBXSourcesBuildPhase;
			buildActionMask = 2147483647;
			files = (
				CD04D1ED2302108400E9EEBB /* ViewController.swift in Sources */,
				CD04D1EB2302108400E9EEBB /* AppDelegate.swift in Sources */,
				CD04D1FD23021ABC00E9EEBB /* Movie.swift in Sources */,
			);
			runOnlyForDeploymentPostprocessing = 0;
		};
/* End PBXSourcesBuildPhase section */

/* Begin PBXVariantGroup section */
		CD04D1EE2302108400E9EEBB /* Main.storyboard */ = {
			isa = PBXVariantGroup;
			children = (
				CD04D1EF2302108400E9EEBB /* Base */,
			);
			name = Main.storyboard;
			sourceTree = "<group>";
		};
		CD04D1F32302108800E9EEBB /* LaunchScreen.storyboard */ = {
			isa = PBXVariantGroup;
			children = (
				CD04D1F42302108800E9EEBB /* Base */,
			);
			name = LaunchScreen.storyboard;
			sourceTree = "<group>";
		};
/* End PBXVariantGroup section */

/* Begin XCBuildConfiguration section */
		CD04D1F72302108800E9EEBB /* Debug */ = {
			isa = XCBuildConfiguration;
			buildSettings = {
				ALWAYS_SEARCH_USER_PATHS = NO;
				CLANG_ANALYZER_NONNULL = YES;
				CLANG_ANALYZER_NUMBER_OBJECT_CONVERSION = YES_AGGRESSIVE;
				CLANG_CXX_LANGUAGE_STANDARD = "gnu++14";
				CLANG_CXX_LIBRARY = "libc++";
				CLANG_ENABLE_MODULES = YES;
				CLANG_ENABLE_OBJC_ARC = YES;
				CLANG_ENABLE_OBJC_WEAK = YES;
				CLANG_WARN_BLOCK_CAPTURE_AUTORELEASING = YES;
				CLANG_WARN_BOOL_CONVERSION = YES;
				CLANG_WARN_COMMA = YES;
				CLANG_WARN_CONSTANT_CONVERSION = YES;
				CLANG_WARN_DEPRECATED_OBJC_IMPLEMENTATIONS = YES;
				CLANG_WARN_DIRECT_OBJC_ISA_USAGE = YES_ERROR;
				CLANG_WARN_DOCUMENTATION_COMMENTS = YES;
				CLANG_WARN_EMPTY_BODY = YES;
				CLANG_WARN_ENUM_CONVERSION = YES;
				CLANG_WARN_INFINITE_RECURSION = YES;
				CLANG_WARN_INT_CONVERSION = YES;
				CLANG_WARN_NON_LITERAL_NULL_CONVERSION = YES;
				CLANG_WARN_OBJC_IMPLICIT_RETAIN_SELF = YES;
				CLANG_WARN_OBJC_LITERAL_CONVERSION = YES;
				CLANG_WARN_OBJC_ROOT_CLASS = YES_ERROR;
				CLANG_WARN_RANGE_LOOP_ANALYSIS = YES;
				CLANG_WARN_STRICT_PROTOTYPES = YES;
				CLANG_WARN_SUSPICIOUS_MOVE = YES;
				CLANG_WARN_UNGUARDED_AVAILABILITY = YES_AGGRESSIVE;
				CLANG_WARN_UNREACHABLE_CODE = YES;
				CLANG_WARN__DUPLICATE_METHOD_MATCH = YES;
				CODE_SIGN_IDENTITY = "iPhone Developer";
				COPY_PHASE_STRIP = NO;
				DEBUG_INFORMATION_FORMAT = dwarf;
				ENABLE_STRICT_OBJC_MSGSEND = YES;
				ENABLE_TESTABILITY = YES;
				GCC_C_LANGUAGE_STANDARD = gnu11;
				GCC_DYNAMIC_NO_PIC = NO;
				GCC_NO_COMMON_BLOCKS = YES;
				GCC_OPTIMIZATION_LEVEL = 0;
				GCC_PREPROCESSOR_DEFINITIONS = (
					"DEBUG=1",
					"$(inherited)",
				);
				GCC_WARN_64_TO_32_BIT_CONVERSION = YES;
				GCC_WARN_ABOUT_RETURN_TYPE = YES_ERROR;
				GCC_WARN_UNDECLARED_SELECTOR = YES;
				GCC_WARN_UNINITIALIZED_AUTOS = YES_AGGRESSIVE;
				GCC_WARN_UNUSED_FUNCTION = YES;
				GCC_WARN_UNUSED_VARIABLE = YES;
				IPHONEOS_DEPLOYMENT_TARGET = 12.2;
				MTL_ENABLE_DEBUG_INFO = INCLUDE_SOURCE;
				MTL_FAST_MATH = YES;
				ONLY_ACTIVE_ARCH = YES;
				SDKROOT = iphoneos;
				SWIFT_ACTIVE_COMPILATION_CONDITIONS = DEBUG;
				SWIFT_OPTIMIZATION_LEVEL = "-Onone";
			};
			name = Debug;
		};
		CD04D1F82302108800E9EEBB /* Release */ = {
			isa = XCBuildConfiguration;
			buildSettings = {
				ALWAYS_SEARCH_USER_PATHS = NO;
				CLANG_ANALYZER_NONNULL = YES;
				CLANG_ANALYZER_NUMBER_OBJECT_CONVERSION = YES_AGGRESSIVE;
				CLANG_CXX_LANGUAGE_STANDARD = "gnu++14";
				CLANG_CXX_LIBRARY = "libc++";
				CLANG_ENABLE_MODULES = YES;
				CLANG_ENABLE_OBJC_ARC = YES;
				CLANG_ENABLE_OBJC_WEAK = YES;
				CLANG_WARN_BLOCK_CAPTURE_AUTORELEASING = YES;
				CLANG_WARN_BOOL_CONVERSION = YES;
				CLANG_WARN_COMMA = YES;
				CLANG_WARN_CONSTANT_CONVERSION = YES;
				CLANG_WARN_DEPRECATED_OBJC_IMPLEMENTATIONS = YES;
				CLANG_WARN_DIRECT_OBJC_ISA_USAGE = YES_ERROR;
				CLANG_WARN_DOCUMENTATION_COMMENTS = YES;
				CLANG_WARN_EMPTY_BODY = YES;
				CLANG_WARN_ENUM_CONVERSION = YES;
				CLANG_WARN_INFINITE_RECURSION = YES;
				CLANG_WARN_INT_CONVERSION = YES;
				CLANG_WARN_NON_LITERAL_NULL_CONVERSION = YES;
				CLANG_WARN_OBJC_IMPLICIT_RETAIN_SELF = YES;
				CLANG_WARN_OBJC_LITERAL_CONVERSION = YES;
				CLANG_WARN_OBJC_ROOT_CLASS = YES_ERROR;
				CLANG_WARN_RANGE_LOOP_ANALYSIS = YES;
				CLANG_WARN_STRICT_PROTOTYPES = YES;
				CLANG_WARN_SUSPICIOUS_MOVE = YES;
				CLANG_WARN_UNGUARDED_AVAILABILITY = YES_AGGRESSIVE;
				CLANG_WARN_UNREACHABLE_CODE = YES;
				CLANG_WARN__DUPLICATE_METHOD_MATCH = YES;
				CODE_SIGN_IDENTITY = "iPhone Developer";
				COPY_PHASE_STRIP = NO;
				DEBUG_INFORMATION_FORMAT = "dwarf-with-dsym";
				ENABLE_NS_ASSERTIONS = NO;
				ENABLE_STRICT_OBJC_MSGSEND = YES;
				GCC_C_LANGUAGE_STANDARD = gnu11;
				GCC_NO_COMMON_BLOCKS = YES;
				GCC_WARN_64_TO_32_BIT_CONVERSION = YES;
				GCC_WARN_ABOUT_RETURN_TYPE = YES_ERROR;
				GCC_WARN_UNDECLARED_SELECTOR = YES;
				GCC_WARN_UNINITIALIZED_AUTOS = YES_AGGRESSIVE;
				GCC_WARN_UNUSED_FUNCTION = YES;
				GCC_WARN_UNUSED_VARIABLE = YES;
				IPHONEOS_DEPLOYMENT_TARGET = 12.2;
				MTL_ENABLE_DEBUG_INFO = NO;
				MTL_FAST_MATH = YES;
				SDKROOT = iphoneos;
				SWIFT_COMPILATION_MODE = wholemodule;
				SWIFT_OPTIMIZATION_LEVEL = "-O";
				VALIDATE_PRODUCT = YES;
			};
			name = Release;
		};
		CD04D1FA2302108800E9EEBB /* Debug */ = {
			isa = XCBuildConfiguration;
			buildSettings = {
				ASSETCATALOG_COMPILER_APPICON_NAME = AppIcon;
				CODE_SIGN_STYLE = Automatic;
				INFOPLIST_FILE = MultipleMVCLessonRepo/Info.plist;
				LD_RUNPATH_SEARCH_PATHS = (
					"$(inherited)",
					"@executable_path/Frameworks",
				);
				PRODUCT_BUNDLE_IDENTIFIER = pursuit.MultipleMVCLessonRepo;
				PRODUCT_NAME = "$(TARGET_NAME)";
				SWIFT_VERSION = 5.0;
				TARGETED_DEVICE_FAMILY = "1,2";
			};
			name = Debug;
		};
		CD04D1FB2302108800E9EEBB /* Release */ = {
			isa = XCBuildConfiguration;
			buildSettings = {
				ASSETCATALOG_COMPILER_APPICON_NAME = AppIcon;
				CODE_SIGN_STYLE = Automatic;
				INFOPLIST_FILE = MultipleMVCLessonRepo/Info.plist;
				LD_RUNPATH_SEARCH_PATHS = (
					"$(inherited)",
					"@executable_path/Frameworks",
				);
				PRODUCT_BUNDLE_IDENTIFIER = pursuit.MultipleMVCLessonRepo;
				PRODUCT_NAME = "$(TARGET_NAME)";
				SWIFT_VERSION = 5.0;
				TARGETED_DEVICE_FAMILY = "1,2";
			};
			name = Release;
		};
/* End XCBuildConfiguration section */

/* Begin XCConfigurationList section */
		CD04D1E22302108400E9EEBB /* Build configuration list for PBXProject "MultipleMVCLessonRepo" */ = {
			isa = XCConfigurationList;
			buildConfigurations = (
				CD04D1F72302108800E9EEBB /* Debug */,
				CD04D1F82302108800E9EEBB /* Release */,
			);
			defaultConfigurationIsVisible = 0;
			defaultConfigurationName = Release;
		};
		CD04D1F92302108800E9EEBB /* Build configuration list for PBXNativeTarget "MultipleMVCLessonRepo" */ = {
			isa = XCConfigurationList;
			buildConfigurations = (
				CD04D1FA2302108800E9EEBB /* Debug */,
				CD04D1FB2302108800E9EEBB /* Release */,
			);
			defaultConfigurationIsVisible = 0;
			defaultConfigurationName = Release;
		};
/* End XCConfigurationList section */
	};
	rootObject = CD04D1DF2302108400E9EEBB /* Project object */;
}
